
Microsoft Visual Studio Solution File, Format Version 12.00
# Visual Studio Version 17
VisualStudioVersion = 17.10.35027.167
MinimumVisualStudioVersion = 10.0.40219.1
Project("{FAE04EC0-301F-11D3-BF4B-00C04F79EFBC}") = "SystemZarzadzaniaKorepetycjami_BackEnd", "SystemZarzadzaniaKorepetycjami_BackEnd.csproj", "{9CB43A50-CEDB-4DFB-9FEB-5B9DB35A5372}"
EndProject
Global
	GlobalSection(SolutionConfigurationPlatforms) = preSolution
		Debug|Any CPU = Debug|Any CPU
		Release|Any CPU = Release|Any CPU
	EndGlobalSection
	GlobalSection(ProjectConfigurationPlatforms) = postSolution
		{9CB43A50-CEDB-4DFB-9FEB-5B9DB35A5372}.Debug|Any CPU.ActiveCfg = Debug|Any CPU
		{9CB43A50-CEDB-4DFB-9FEB-5B9DB35A5372}.Debug|Any CPU.Build.0 = Debug|Any CPU
		{9CB43A50-CEDB-4DFB-9FEB-5B9DB35A5372}.Release|Any CPU.ActiveCfg = Release|Any CPU
		{9CB43A50-CEDB-4DFB-9FEB-5B9DB35A5372}.Release|Any CPU.Build.0 = Release|Any CPU
	EndGlobalSection
	GlobalSection(SolutionProperties) = preSolution
		HideSolutionNode = FALSE
	EndGlobalSection
	GlobalSection(ExtensibilityGlobals) = postSolution
		SolutionGuid = {34053A80-904C-4C1A-A1F9-CA0E83F702E8}
	EndGlobalSection
EndGlobal
